
Microsoft Visual Studio Solution File, Format Version 12.00
# Visual Studio Version 17
VisualStudioVersion = 17.1.32328.378
MinimumVisualStudioVersion = 10.0.40219.1
Project("{2150E333-8FDC-42A3-9474-1A3956D46DE8}") = "Solution Items", "Solution Items", "{ED943431-1F2C-4E4A-8934-986D07B67E6B}"
	ProjectSection(SolutionItems) = preProject
		TextToPoco\README.md = TextToPoco\README.md
	EndProjectSection
EndProject
Project("{9A19103F-16F7-4668-BE54-9A1E7A4F7556}") = "CsvToPoco", "CsvToPoco\CsvToPoco.csproj", "{42404485-458F-4E53-AF84-F83D2EDB5D77}"
EndProject
Project("{9A19103F-16F7-4668-BE54-9A1E7A4F7556}") = "CsvToPoco.Tests", "CsvToPoco.Tests\CsvToPoco.Tests.csproj", "{BCC8905B-01A6-4256-B2F9-CA8B47556DF0}"
EndProject
Global
	GlobalSection(SolutionConfigurationPlatforms) = preSolution
		Debug|Any CPU = Debug|Any CPU
		Release|Any CPU = Release|Any CPU
	EndGlobalSection
	GlobalSection(ProjectConfigurationPlatforms) = postSolution
		{42404485-458F-4E53-AF84-F83D2EDB5D77}.Debug|Any CPU.ActiveCfg = Debug|Any CPU
		{42404485-458F-4E53-AF84-F83D2EDB5D77}.Debug|Any CPU.Build.0 = Debug|Any CPU
		{42404485-458F-4E53-AF84-F83D2EDB5D77}.Release|Any CPU.ActiveCfg = Release|Any CPU
		{42404485-458F-4E53-AF84-F83D2EDB5D77}.Release|Any CPU.Build.0 = Release|Any CPU
		{BCC8905B-01A6-4256-B2F9-CA8B47556DF0}.Debug|Any CPU.ActiveCfg = Debug|Any CPU
		{BCC8905B-01A6-4256-B2F9-CA8B47556DF0}.Debug|Any CPU.Build.0 = Debug|Any CPU
		{BCC8905B-01A6-4256-B2F9-CA8B47556DF0}.Release|Any CPU.ActiveCfg = Release|Any CPU
		{BCC8905B-01A6-4256-B2F9-CA8B47556DF0}.Release|Any CPU.Build.0 = Release|Any CPU
	EndGlobalSection
	GlobalSection(SolutionProperties) = preSolution
		HideSolutionNode = FALSE
	EndGlobalSection
	GlobalSection(ExtensibilityGlobals) = postSolution
		SolutionGuid = {12899A58-6E3C-4536-889D-6BCCCD9BA08F}
	EndGlobalSection
EndGlobal
